
Microsoft Visual Studio Solution File, Format Version 12.00
# Visual Studio Version 16
VisualStudioVersion = 25.0.1700.0
MinimumVisualStudioVersion = 10.0.40219.1
Project("{FAE04EC0-301F-11D3-BF4B-00C04F79EFBC}") = "MedPro", "MedPro.csproj", "{BF4155FE-BFF9-4A0A-9584-D77BE4AA46D3}"
EndProject
Global
	GlobalSection(SolutionConfigurationPlatforms) = preSolution
		Debug|Any CPU = Debug|Any CPU
		Release|Any CPU = Release|Any CPU
	EndGlobalSection
	GlobalSection(ProjectConfigurationPlatforms) = postSolution
		{BF4155FE-BFF9-4A0A-9584-D77BE4AA46D3}.Debug|Any CPU.ActiveCfg = Debug|Any CPU
		{BF4155FE-BFF9-4A0A-9584-D77BE4AA46D3}.Debug|Any CPU.Build.0 = Debug|Any CPU
		{BF4155FE-BFF9-4A0A-9584-D77BE4AA46D3}.Release|Any CPU.ActiveCfg = Release|Any CPU
		{BF4155FE-BFF9-4A0A-9584-D77BE4AA46D3}.Release|Any CPU.Build.0 = Release|Any CPU
	EndGlobalSection
	GlobalSection(SolutionProperties) = preSolution
		HideSolutionNode = FALSE
	EndGlobalSection
	GlobalSection(ExtensibilityGlobals) = postSolution
		SolutionGuid = {C68B5C80-89EE-4871-9B78-E091390F6FE7}
	EndGlobalSection
EndGlobal
